
Microsoft Visual Studio Solution File, Format Version 12.00
# Visual Studio Version 17
VisualStudioVersion = 17.0.32126.317
MinimumVisualStudioVersion = 10.0.40219.1
Project("{FAE04EC0-301F-11D3-BF4B-00C04F79EFBC}") = "TiendaOnline.Web", "TiendaOnline.Web\TiendaOnline.Web.csproj", "{03F8B8AF-243B-4BF5-B9DD-E890E68F106E}"
EndProject
Global
	GlobalSection(SolutionConfigurationPlatforms) = preSolution
		Debug|Any CPU = Debug|Any CPU
		Release|Any CPU = Release|Any CPU
	EndGlobalSection
	GlobalSection(ProjectConfigurationPlatforms) = postSolution
		{03F8B8AF-243B-4BF5-B9DD-E890E68F106E}.Debug|Any CPU.ActiveCfg = Debug|Any CPU
		{03F8B8AF-243B-4BF5-B9DD-E890E68F106E}.Debug|Any CPU.Build.0 = Debug|Any CPU
		{03F8B8AF-243B-4BF5-B9DD-E890E68F106E}.Release|Any CPU.ActiveCfg = Release|Any CPU
		{03F8B8AF-243B-4BF5-B9DD-E890E68F106E}.Release|Any CPU.Build.0 = Release|Any CPU
	EndGlobalSection
	GlobalSection(SolutionProperties) = preSolution
		HideSolutionNode = FALSE
	EndGlobalSection
	GlobalSection(ExtensibilityGlobals) = postSolution
		SolutionGuid = {12310C15-B788-4220-A192-442829DA96B4}
	EndGlobalSection
EndGlobal
